// !$*UTF8*$!
{
	archiveVersion = 1;
	classes = {
	};
	objectVersion = 77;
	objects = {

/* Begin PBXContainerItemProxy section */
		345FB0832D8A7FC8000FF0AD /* PBXContainerItemProxy */ = {
			isa = PBXContainerItemProxy;
			containerPortal = 345FB06A2D8A7FC7000FF0AD /* Project object */;
			proxyType = 1;
			remoteGlobalIDString = 345FB0712D8A7FC7000FF0AD;
			remoteInfo = MyFavParksMap;
		};
		345FB08D2D8A7FC8000FF0AD /* PBXContainerItemProxy */ = {
			isa = PBXContainerItemProxy;
			containerPortal = 345FB06A2D8A7FC7000FF0AD /* Project object */;
			proxyType = 1;
			remoteGlobalIDString = 345FB0712D8A7FC7000FF0AD;
			remoteInfo = MyFavParksMap;
		};
/* End PBXContainerItemProxy section */

/* Begin PBXFileReference section */
		345FB0722D8A7FC7000FF0AD /* MyFavParksMap.app */ = {isa = PBXFileReference; explicitFileType = wrapper.application; includeInIndex = 0; path = MyFavParksMap.app; sourceTree = BUILT_PRODUCTS_DIR; };
		345FB0822D8A7FC8000FF0AD /* MyFavParksMapTests.xctest */ = {isa = PBXFileReference; explicitFileType = wrapper.cfbundle; includeInIndex = 0; path = MyFavParksMapTests.xctest; sourceTree = BUILT_PRODUCTS_DIR; };
		345FB08C2D8A7FC8000FF0AD /* MyFavParksMapUITests.xctest */ = {isa = PBXFileReference; explicitFileType = wrapper.cfbundle; includeInIndex = 0; path = MyFavParksMapUITests.xctest; sourceTree = BUILT_PRODUCTS_DIR; };
/* End PBXFileReference section */

/* Begin PBXFileSystemSynchronizedRootGroup section */
		345FB0742D8A7FC7000FF0AD /* MyFavParksMap */ = {
			isa = PBXFileSystemSynchronizedRootGroup;
			path = MyFavParksMap;
			sourceTree = "<group>";
		};
		345FB0852D8A7FC8000FF0AD /* MyFavParksMapTests */ = {
			isa = PBXFileSystemSynchronizedRootGroup;
			path = MyFavParksMapTests;
			sourceTree = "<group>";
		};
		345FB08F2D8A7FC8000FF0AD /* MyFavParksMapUITests */ = {
			isa = PBXFileSystemSynchronizedRootGroup;
			path = MyFavParksMapUITests;
			sourceTree = "<group>";
		};
/* End PBXFileSystemSynchronizedRootGroup section */

/* Begin PBXFrameworksBuildPhase section */
		345FB06F2D8A7FC7000FF0AD /* Frameworks */ = {
			isa = PBXFrameworksBuildPhase;
			buildActionMask = 2147483647;
			files = (
			);
			runOnlyForDeploymentPostprocessing = 0;
		};
		345FB07F2D8A7FC8000FF0AD /* Frameworks */ = {
			isa = PBXFrameworksBuildPhase;
			buildActionMask = 2147483647;
			files = (
			);
			runOnlyForDeploymentPostprocessing = 0;
		};
		345FB0892D8A7FC8000FF0AD /* Frameworks */ = {
			isa = PBXFrameworksBuildPhase;
			buildActionMask = 2147483647;
			files = (
			);
			runOnlyForDeploymentPostprocessing = 0;
		};
/* End PBXFrameworksBuildPhase section */

/* Begin PBXGroup section */
		345FB0692D8A7FC7000FF0AD = {
			isa = PBXGroup;
			children = (
				345FB0742D8A7FC7000FF0AD /* MyFavParksMap */,
				345FB0852D8A7FC8000FF0AD /* MyFavParksMapTests */,
				345FB08F2D8A7FC8000FF0AD /* MyFavParksMapUITests */,
				345FB0732D8A7FC7000FF0AD /* Products */,
			);
			sourceTree = "<group>";
		};
		345FB0732D8A7FC7000FF0AD /* Products */ = {
			isa = PBXGroup;
			children = (
				345FB0722D8A7FC7000FF0AD /* MyFavParksMap.app */,
				345FB0822D8A7FC8000FF0AD /* MyFavParksMapTests.xctest */,
				345FB08C2D8A7FC8000FF0AD /* MyFavParksMapUITests.xctest */,
			);
			name = Products;
			sourceTree = "<group>";
		};
/* End PBXGroup section */

/* Begin PBXNativeTarget section */
		345FB0712D8A7FC7000FF0AD /* MyFavParksMap */ = {
			isa = PBXNativeTarget;
			buildConfigurationList = 345FB0962D8A7FC8000FF0AD /* Build configuration list for PBXNativeTarget "MyFavParksMap" */;
			buildPhases = (
				345FB06E2D8A7FC7000FF0AD /* Sources */,
				345FB06F2D8A7FC7000FF0AD /* Frameworks */,
				345FB0702D8A7FC7000FF0AD /* Resources */,
			);
			buildRules = (
			);
			dependencies = (
			);
			fileSystemSynchronizedGroups = (
				345FB0742D8A7FC7000FF0AD /* MyFavParksMap */,
			);
			name = MyFavParksMap;
			packageProductDependencies = (
			);
			productName = MyFavParksMap;
			productReference = 345FB0722D8A7FC7000FF0AD /* MyFavParksMap.app */;
			productType = "com.apple.product-type.application";
		};
		345FB0812D8A7FC8000FF0AD /* MyFavParksMapTests */ = {
			isa = PBXNativeTarget;
			buildConfigurationList = 345FB0992D8A7FC8000FF0AD /* Build configuration list for PBXNativeTarget "MyFavParksMapTests" */;
			buildPhases = (
				345FB07E2D8A7FC8000FF0AD /* Sources */,
				345FB07F2D8A7FC8000FF0AD /* Frameworks */,
				345FB0802D8A7FC8000FF0AD /* Resources */,
			);
			buildRules = (
			);
			dependencies = (
				345FB0842D8A7FC8000FF0AD /* PBXTargetDependency */,
			);
			fileSystemSynchronizedGroups = (
				345FB0852D8A7FC8000FF0AD /* MyFavParksMapTests */,
			);
			name = MyFavParksMapTests;
			packageProductDependencies = (
			);
			productName = MyFavParksMapTests;
			productReference = 345FB0822D8A7FC8000FF0AD /* MyFavParksMapTests.xctest */;
			productType = "com.apple.product-type.bundle.unit-test";
		};
		345FB08B2D8A7FC8000FF0AD /* MyFavParksMapUITests */ = {
			isa = PBXNativeTarget;
			buildConfigurationList = 345FB09C2D8A7FC8000FF0AD /* Build configuration list for PBXNativeTarget "MyFavParksMapUITests" */;
			buildPhases = (
				345FB0882D8A7FC8000FF0AD /* Sources */,
				345FB0892D8A7FC8000FF0AD /* Frameworks */,
				345FB08A2D8A7FC8000FF0AD /* Resources */,
			);
			buildRules = (
			);
			dependencies = (
				345FB08E2D8A7FC8000FF0AD /* PBXTargetDependency */,
			);
			fileSystemSynchronizedGroups = (
				345FB08F2D8A7FC8000FF0AD /* MyFavParksMapUITests */,
			);
			name = MyFavParksMapUITests;
			packageProductDependencies = (
			);
			productName = MyFavParksMapUITests;
			productReference = 345FB08C2D8A7FC8000FF0AD /* MyFavParksMapUITests.xctest */;
			productType = "com.apple.product-type.bundle.ui-testing";
		};
/* End PBXNativeTarget section */

/* Begin PBXProject section */
		345FB06A2D8A7FC7000FF0AD /* Project object */ = {
			isa = PBXProject;
			attributes = {
				BuildIndependentTargetsInParallel = 1;
				LastSwiftUpdateCheck = 1620;
				LastUpgradeCheck = 1620;
				TargetAttributes = {
					345FB0712D8A7FC7000FF0AD = {
						CreatedOnToolsVersion = 16.2;
					};
					345FB0812D8A7FC8000FF0AD = {
						CreatedOnToolsVersion = 16.2;
						TestTargetID = 345FB0712D8A7FC7000FF0AD;
					};
					345FB08B2D8A7FC8000FF0AD = {
						CreatedOnToolsVersion = 16.2;
						TestTargetID = 345FB0712D8A7FC7000FF0AD;
					};
				};
			};
			buildConfigurationList = 345FB06D2D8A7FC7000FF0AD /* Build configuration list for PBXProject "MyFavParksMap" */;
			developmentRegion = en;
			hasScannedForEncodings = 0;
			knownRegions = (
				en,
				Base,
			);
			mainGroup = 345FB0692D8A7FC7000FF0AD;
			minimizedProjectReferenceProxies = 1;
			preferredProjectObjectVersion = 77;
			productRefGroup = 345FB0732D8A7FC7000FF0AD /* Products */;
			projectDirPath = "";
			projectRoot = "";
			targets = (
				345FB0712D8A7FC7000FF0AD /* MyFavParksMap */,
				345FB0812D8A7FC8000FF0AD /* MyFavParksMapTests */,
				345FB08B2D8A7FC8000FF0AD /* MyFavParksMapUITests */,
			);
		};
/* End PBXProject section */

/* Begin PBXResourcesBuildPhase section */
		345FB0702D8A7FC7000FF0AD /* Resources */ = {
			isa = PBXResourcesBuildPhase;
			buildActionMask = 2147483647;
			files = (
			);
			runOnlyForDeploymentPostprocessing = 0;
		};
		345FB0802D8A7FC8000FF0AD /* Resources */ = {
			isa = PBXResourcesBuildPhase;
			buildActionMask = 2147483647;
			files = (
			);
			runOnlyForDeploymentPostprocessing = 0;
		};
		345FB08A2D8A7FC8000FF0AD /* Resources */ = {
			isa = PBXResourcesBuildPhase;
			buildActionMask = 2147483647;
			files = (
			);
			runOnlyForDeploymentPostprocessing = 0;
		};
/* End PBXResourcesBuildPhase section */

/* Begin PBXSourcesBuildPhase section */
		345FB06E2D8A7FC7000FF0AD /* Sources */ = {
			isa = PBXSourcesBuildPhase;
			buildActionMask = 2147483647;
			files = (
			);
			runOnlyForDeploymentPostprocessing = 0;
		};
		345FB07E2D8A7FC8000FF0AD /* Sources */ = {
			isa = PBXSourcesBuildPhase;
			buildActionMask = 2147483647;
			files = (
			);
			runOnlyForDeploymentPostprocessing = 0;
		};
		345FB0882D8A7FC8000FF0AD /* Sources */ = {
			isa = PBXSourcesBuildPhase;
			buildActionMask = 2147483647;
			files = (
			);
			runOnlyForDeploymentPostprocessing = 0;
		};
/* End PBXSourcesBuildPhase section */

/* Begin PBXTargetDependency section */
		345FB0842D8A7FC8000FF0AD /* PBXTargetDependency */ = {
			isa = PBXTargetDependency;
			target = 345FB0712D8A7FC7000FF0AD /* MyFavParksMap */;
			targetProxy = 345FB0832D8A7FC8000FF0AD /* PBXContainerItemProxy */;
		};
		345FB08E2D8A7FC8000FF0AD /* PBXTargetDependency */ = {
			isa = PBXTargetDependency;
			target = 345FB0712D8A7FC7000FF0AD /* MyFavParksMap */;
			targetProxy = 345FB08D2D8A7FC8000FF0AD /* PBXContainerItemProxy */;
		};
/* End PBXTargetDependency section */

/* Begin XCBuildConfiguration section */
		345FB0942D8A7FC8000FF0AD /* Debug */ = {
			isa = XCBuildConfiguration;
			buildSettings = {
				ALWAYS_SEARCH_USER_PATHS = NO;
				ASSETCATALOG_COMPILER_GENERATE_SWIFT_ASSET_SYMBOL_EXTENSIONS = YES;
				CLANG_ANALYZER_NONNULL = YES;
				CLANG_ANALYZER_NUMBER_OBJECT_CONVERSION = YES_AGGRESSIVE;
				CLANG_CXX_LANGUAGE_STANDARD = "gnu++20";
				CLANG_ENABLE_MODULES = YES;
				CLANG_ENABLE_OBJC_ARC = YES;
				CLANG_ENABLE_OBJC_WEAK = YES;
				CLANG_WARN_BLOCK_CAPTURE_AUTORELEASING = YES;
				CLANG_WARN_BOOL_CONVERSION = YES;
				CLANG_WARN_COMMA = YES;
				CLANG_WARN_CONSTANT_CONVERSION = YES;
				CLANG_WARN_DEPRECATED_OBJC_IMPLEMENTATIONS = YES;
				CLANG_WARN_DIRECT_OBJC_ISA_USAGE = YES_ERROR;
				CLANG_WARN_DOCUMENTATION_COMMENTS = YES;
				CLANG_WARN_EMPTY_BODY = YES;
				CLANG_WARN_ENUM_CONVERSION = YES;
				CLANG_WARN_INFINITE_RECURSION = YES;
				CLANG_WARN_INT_CONVERSION = YES;
				CLANG_WARN_NON_LITERAL_NULL_CONVERSION = YES;
				CLANG_WARN_OBJC_IMPLICIT_RETAIN_SELF = YES;
				CLANG_WARN_OBJC_LITERAL_CONVERSION = YES;
				CLANG_WARN_OBJC_ROOT_CLASS = YES_ERROR;
				CLANG_WARN_QUOTED_INCLUDE_IN_FRAMEWORK_HEADER = YES;
				CLANG_WARN_RANGE_LOOP_ANALYSIS = YES;
				CLANG_WARN_STRICT_PROTOTYPES = YES;
				CLANG_WARN_SUSPICIOUS_MOVE = YES;
				CLANG_WARN_UNGUARDED_AVAILABILITY = YES_AGGRESSIVE;
				CLANG_WARN_UNREACHABLE_CODE = YES;
				CLANG_WARN__DUPLICATE_METHOD_MATCH = YES;
				COPY_PHASE_STRIP = NO;
				DEBUG_INFORMATION_FORMAT = dwarf;
				ENABLE_STRICT_OBJC_MSGSEND = YES;
				ENABLE_TESTABILITY = YES;
				ENABLE_USER_SCRIPT_SANDBOXING = YES;
				GCC_C_LANGUAGE_STANDARD = gnu17;
				GCC_DYNAMIC_NO_PIC = NO;
				GCC_NO_COMMON_BLOCKS = YES;
				GCC_OPTIMIZATION_LEVEL = 0;
				GCC_PREPROCESSOR_DEFINITIONS = (
					"DEBUG=1",
					"$(inherited)",
				);
				GCC_WARN_64_TO_32_BIT_CONVERSION = YES;
				GCC_WARN_ABOUT_RETURN_TYPE = YES_ERROR;
				GCC_WARN_UNDECLARED_SELECTOR = YES;
				GCC_WARN_UNINITIALIZED_AUTOS = YES_AGGRESSIVE;
				GCC_WARN_UNUSED_FUNCTION = YES;
				GCC_WARN_UNUSED_VARIABLE = YES;
				IPHONEOS_DEPLOYMENT_TARGET = 18.2;
				LOCALIZATION_PREFERS_STRING_CATALOGS = YES;
				MTL_ENABLE_DEBUG_INFO = INCLUDE_SOURCE;
				MTL_FAST_MATH = YES;
				ONLY_ACTIVE_ARCH = YES;
				SDKROOT = iphoneos;
				SWIFT_ACTIVE_COMPILATION_CONDITIONS = "DEBUG $(inherited)";
				SWIFT_OPTIMIZATION_LEVEL = "-Onone";
			};
			name = Debug;
		};
		345FB0952D8A7FC8000FF0AD /* Release */ = {
			isa = XCBuildConfiguration;
			buildSettings = {
				ALWAYS_SEARCH_USER_PATHS = NO;
				ASSETCATALOG_COMPILER_GENERATE_SWIFT_ASSET_SYMBOL_EXTENSIONS = YES;
				CLANG_ANALYZER_NONNULL = YES;
				CLANG_ANALYZER_NUMBER_OBJECT_CONVERSION = YES_AGGRESSIVE;
				CLANG_CXX_LANGUAGE_STANDARD = "gnu++20";
				CLANG_ENABLE_MODULES = YES;
				CLANG_ENABLE_OBJC_ARC = YES;
				CLANG_ENABLE_OBJC_WEAK = YES;
				CLANG_WARN_BLOCK_CAPTURE_AUTORELEASING = YES;
				CLANG_WARN_BOOL_CONVERSION = YES;
				CLANG_WARN_COMMA = YES;
				CLANG_WARN_CONSTANT_CONVERSION = YES;
				CLANG_WARN_DEPRECATED_OBJC_IMPLEMENTATIONS = YES;
				CLANG_WARN_DIRECT_OBJC_ISA_USAGE = YES_ERROR;
				CLANG_WARN_DOCUMENTATION_COMMENTS = YES;
				CLANG_WARN_EMPTY_BODY = YES;
				CLANG_WARN_ENUM_CONVERSION = YES;
				CLANG_WARN_INFINITE_RECURSION = YES;
				CLANG_WARN_INT_CONVERSION = YES;
				CLANG_WARN_NON_LITERAL_NULL_CONVERSION = YES;
				CLANG_WARN_OBJC_IMPLICIT_RETAIN_SELF = YES;
				CLANG_WARN_OBJC_LITERAL_CONVERSION = YES;
				CLANG_WARN_OBJC_ROOT_CLASS = YES_ERROR;
				CLANG_WARN_QUOTED_INCLUDE_IN_FRAMEWORK_HEADER = YES;
				CLANG_WARN_RANGE_LOOP_ANALYSIS = YES;
				CLANG_WARN_STRICT_PROTOTYPES = YES;
				CLANG_WARN_SUSPICIOUS_MOVE = YES;
				CLANG_WARN_UNGUARDED_AVAILABILITY = YES_AGGRESSIVE;
				CLANG_WARN_UNREACHABLE_CODE = YES;
				CLANG_WARN__DUPLICATE_METHOD_MATCH = YES;
				COPY_PHASE_STRIP = NO;
				DEBUG_INFORMATION_FORMAT = "dwarf-with-dsym";
				ENABLE_NS_ASSERTIONS = NO;
				ENABLE_STRICT_OBJC_MSGSEND = YES;
				ENABLE_USER_SCRIPT_SANDBOXING = YES;
				GCC_C_LANGUAGE_STANDARD = gnu17;
				GCC_NO_COMMON_BLOCKS = YES;
				GCC_WARN_64_TO_32_BIT_CONVERSION = YES;
				GCC_WARN_ABOUT_RETURN_TYPE = YES_ERROR;
				GCC_WARN_UNDECLARED_SELECTOR = YES;
				GCC_WARN_UNINITIALIZED_AUTOS = YES_AGGRESSIVE;
				GCC_WARN_UNUSED_FUNCTION = YES;
				GCC_WARN_UNUSED_VARIABLE = YES;
				IPHONEOS_DEPLOYMENT_TARGET = 18.2;
				LOCALIZATION_PREFERS_STRING_CATALOGS = YES;
				MTL_ENABLE_DEBUG_INFO = NO;
				MTL_FAST_MATH = YES;
				SDKROOT = iphoneos;
				SWIFT_COMPILATION_MODE = wholemodule;
				VALIDATE_PRODUCT = YES;
			};
			name = Release;
		};
		345FB0972D8A7FC8000FF0AD /* Debug */ = {
			isa = XCBuildConfiguration;
			buildSettings = {
				ASSETCATALOG_COMPILER_APPICON_NAME = AppIcon;
				ASSETCATALOG_COMPILER_GLOBAL_ACCENT_COLOR_NAME = AccentColor;
				CODE_SIGN_STYLE = Automatic;
				CURRENT_PROJECT_VERSION = 1;
				DEVELOPMENT_ASSET_PATHS = "\"MyFavParksMap/Preview Content\"";
				ENABLE_PREVIEWS = YES;
				GENERATE_INFOPLIST_FILE = YES;
				INFOPLIST_KEY_UIApplicationSceneManifest_Generation = YES;
				INFOPLIST_KEY_UIApplicationSupportsIndirectInputEvents = YES;
				INFOPLIST_KEY_UILaunchScreen_Generation = YES;
				INFOPLIST_KEY_UISupportedInterfaceOrientations_iPad = "UIInterfaceOrientationPortrait UIInterfaceOrientationPortraitUpsideDown UIInterfaceOrientationLandscapeLeft UIInterfaceOrientationLandscapeRight";
				INFOPLIST_KEY_UISupportedInterfaceOrientations_iPhone = "UIInterfaceOrientationPortrait UIInterfaceOrientationLandscapeLeft UIInterfaceOrientationLandscapeRight";
				LD_RUNPATH_SEARCH_PATHS = (
					"$(inherited)",
					"@executable_path/Frameworks",
				);
				MARKETING_VERSION = 1.0;
				PRODUCT_BUNDLE_IDENTIFIER = "Bhumik-Tandon.MyFavParksMap";
				PRODUCT_NAME = "$(TARGET_NAME)";
				SWIFT_EMIT_LOC_STRINGS = YES;
				SWIFT_VERSION = 5.0;
				TARGETED_DEVICE_FAMILY = "1,2";
			};
			name = Debug;
		};
		345FB0982D8A7FC8000FF0AD /* Release */ = {
			isa = XCBuildConfiguration;
			buildSettings = {
				ASSETCATALOG_COMPILER_APPICON_NAME = AppIcon;
				ASSETCATALOG_COMPILER_GLOBAL_ACCENT_COLOR_NAME = AccentColor;
				CODE_SIGN_STYLE = Automatic;
				CURRENT_PROJECT_VERSION = 1;
				DEVELOPMENT_ASSET_PATHS = "\"MyFavParksMap/Preview Content\"";
				ENABLE_PREVIEWS = YES;
				GENERATE_INFOPLIST_FILE = YES;
				INFOPLIST_KEY_UIApplicationSceneManifest_Generation = YES;
				INFOPLIST_KEY_UIApplicationSupportsIndirectInputEvents = YES;
				INFOPLIST_KEY_UILaunchScreen_Generation = YES;
				INFOPLIST_KEY_UISupportedInterfaceOrientations_iPad = "UIInterfaceOrientationPortrait UIInterfaceOrientationPortraitUpsideDown UIInterfaceOrientationLandscapeLeft UIInterfaceOrientationLandscapeRight";
				INFOPLIST_KEY_UISupportedInterfaceOrientations_iPhone = "UIInterfaceOrientationPortrait UIInterfaceOrientationLandscapeLeft UIInterfaceOrientationLandscapeRight";
				LD_RUNPATH_SEARCH_PATHS = (
					"$(inherited)",
					"@executable_path/Frameworks",
				);
				MARKETING_VERSION = 1.0;
				PRODUCT_BUNDLE_IDENTIFIER = "Bhumik-Tandon.MyFavParksMap";
				PRODUCT_NAME = "$(TARGET_NAME)";
				SWIFT_EMIT_LOC_STRINGS = YES;
				SWIFT_VERSION = 5.0;
				TARGETED_DEVICE_FAMILY = "1,2";
			};
			name = Release;
		};
		345FB09A2D8A7FC8000FF0AD /* Debug */ = {
			isa = XCBuildConfiguration;
			buildSettings = {
				BUNDLE_LOADER = "$(TEST_HOST)";
				CODE_SIGN_STYLE = Automatic;
				CURRENT_PROJECT_VERSION = 1;
				GENERATE_INFOPLIST_FILE = YES;
				IPHONEOS_DEPLOYMENT_TARGET = 18.2;
				MARKETING_VERSION = 1.0;
				PRODUCT_BUNDLE_IDENTIFIER = "Bhumik-Tandon.MyFavParksMapTests";
				PRODUCT_NAME = "$(TARGET_NAME)";
				SWIFT_EMIT_LOC_STRINGS = NO;
				SWIFT_VERSION = 5.0;
				TARGETED_DEVICE_FAMILY = "1,2";
				TEST_HOST = "$(BUILT_PRODUCTS_DIR)/MyFavParksMap.app/$(BUNDLE_EXECUTABLE_FOLDER_PATH)/MyFavParksMap";
			};
			name = Debug;
		};
		345FB09B2D8A7FC8000FF0AD /* Release */ = {
			isa = XCBuildConfiguration;
			buildSettings = {
				BUNDLE_LOADER = "$(TEST_HOST)";
				CODE_SIGN_STYLE = Automatic;
				CURRENT_PROJECT_VERSION = 1;
				GENERATE_INFOPLIST_FILE = YES;
				IPHONEOS_DEPLOYMENT_TARGET = 18.2;
				MARKETING_VERSION = 1.0;
				PRODUCT_BUNDLE_IDENTIFIER = "Bhumik-Tandon.MyFavParksMapTests";
				PRODUCT_NAME = "$(TARGET_NAME)";
				SWIFT_EMIT_LOC_STRINGS = NO;
				SWIFT_VERSION = 5.0;
				TARGETED_DEVICE_FAMILY = "1,2";
				TEST_HOST = "$(BUILT_PRODUCTS_DIR)/MyFavParksMap.app/$(BUNDLE_EXECUTABLE_FOLDER_PATH)/MyFavParksMap";
			};
			name = Release;
		};
		345FB09D2D8A7FC8000FF0AD /* Debug */ = {
			isa = XCBuildConfiguration;
			buildSettings = {
				CODE_SIGN_STYLE = Automatic;
				CURRENT_PROJECT_VERSION = 1;
				GENERATE_INFOPLIST_FILE = YES;
				MARKETING_VERSION = 1.0;
				PRODUCT_BUNDLE_IDENTIFIER = "Bhumik-Tandon.MyFavParksMapUITests";
				PRODUCT_NAME = "$(TARGET_NAME)";
				SWIFT_EMIT_LOC_STRINGS = NO;
				SWIFT_VERSION = 5.0;
				TARGETED_DEVICE_FAMILY = "1,2";
				TEST_TARGET_NAME = MyFavParksMap;
			};
			name = Debug;
		};
		345FB09E2D8A7FC8000FF0AD /* Release */ = {
			isa = XCBuildConfiguration;
			buildSettings = {
				CODE_SIGN_STYLE = Automatic;
				CURRENT_PROJECT_VERSION = 1;
				GENERATE_INFOPLIST_FILE = YES;
				MARKETING_VERSION = 1.0;
				PRODUCT_BUNDLE_IDENTIFIER = "Bhumik-Tandon.MyFavParksMapUITests";
				PRODUCT_NAME = "$(TARGET_NAME)";
				SWIFT_EMIT_LOC_STRINGS = NO;
				SWIFT_VERSION = 5.0;
				TARGETED_DEVICE_FAMILY = "1,2";
				TEST_TARGET_NAME = MyFavParksMap;
			};
			name = Release;
		};
/* End XCBuildConfiguration section */

/* Begin XCConfigurationList section */
		345FB06D2D8A7FC7000FF0AD /* Build configuration list for PBXProject "MyFavParksMap" */ = {
			isa = XCConfigurationList;
			buildConfigurations = (
				345FB0942D8A7FC8000FF0AD /* Debug */,
				345FB0952D8A7FC8000FF0AD /* Release */,
			);
			defaultConfigurationIsVisible = 0;
			defaultConfigurationName = Release;
		};
		345FB0962D8A7FC8000FF0AD /* Build configuration list for PBXNativeTarget "MyFavParksMap" */ = {
			isa = XCConfigurationList;
			buildConfigurations = (
				345FB0972D8A7FC8000FF0AD /* Debug */,
				345FB0982D8A7FC8000FF0AD /* Release */,
			);
			defaultConfigurationIsVisible = 0;
			defaultConfigurationName = Release;
		};
		345FB0992D8A7FC8000FF0AD /* Build configuration list for PBXNativeTarget "MyFavParksMapTests" */ = {
			isa = XCConfigurationList;
			buildConfigurations = (
				345FB09A2D8A7FC8000FF0AD /* Debug */,
				345FB09B2D8A7FC8000FF0AD /* Release */,
			);
			defaultConfigurationIsVisible = 0;
			defaultConfigurationName = Release;
		};
		345FB09C2D8A7FC8000FF0AD /* Build configuration list for PBXNativeTarget "MyFavParksMapUITests" */ = {
			isa = XCConfigurationList;
			buildConfigurations = (
				345FB09D2D8A7FC8000FF0AD /* Debug */,
				345FB09E2D8A7FC8000FF0AD /* Release */,
			);
			defaultConfigurationIsVisible = 0;
			defaultConfigurationName = Release;
		};
/* End XCConfigurationList section */
	};
	rootObject = 345FB06A2D8A7FC7000FF0AD /* Project object */;
}
